
Microsoft Visual Studio Solution File, Format Version 12.00
# Visual Studio 15
VisualStudioVersion = 15.0.26124.0
MinimumVisualStudioVersion = 15.0.26124.0
Project("{FAE04EC0-301F-11D3-BF4B-00C04F79EFBC}") = "WebToDeploy", "WebToDeploy\WebToDeploy.csproj", "{6266332A-664C-4D41-91B8-5A84D06C7C43}"
EndProject
Project("{FAE04EC0-301F-11D3-BF4B-00C04F79EFBC}") = "WebToDeploy.Tests", "WebToDeploy.Tests\WebToDeploy.Tests.csproj", "{A787A232-55D9-488B-AE17-823A42BACD86}"
EndProject
Global
	GlobalSection(SolutionConfigurationPlatforms) = preSolution
		Debug|Any CPU = Debug|Any CPU
		Debug|x64 = Debug|x64
		Debug|x86 = Debug|x86
		Release|Any CPU = Release|Any CPU
		Release|x64 = Release|x64
		Release|x86 = Release|x86
	EndGlobalSection
	GlobalSection(SolutionProperties) = preSolution
		HideSolutionNode = FALSE
	EndGlobalSection
	GlobalSection(ProjectConfigurationPlatforms) = postSolution
		{6266332A-664C-4D41-91B8-5A84D06C7C43}.Debug|Any CPU.ActiveCfg = Debug|Any CPU
		{6266332A-664C-4D41-91B8-5A84D06C7C43}.Debug|Any CPU.Build.0 = Debug|Any CPU
		{6266332A-664C-4D41-91B8-5A84D06C7C43}.Debug|x64.ActiveCfg = Debug|Any CPU
		{6266332A-664C-4D41-91B8-5A84D06C7C43}.Debug|x64.Build.0 = Debug|Any CPU
		{6266332A-664C-4D41-91B8-5A84D06C7C43}.Debug|x86.ActiveCfg = Debug|Any CPU
		{6266332A-664C-4D41-91B8-5A84D06C7C43}.Debug|x86.Build.0 = Debug|Any CPU
		{6266332A-664C-4D41-91B8-5A84D06C7C43}.Release|Any CPU.ActiveCfg = Release|Any CPU
		{6266332A-664C-4D41-91B8-5A84D06C7C43}.Release|Any CPU.Build.0 = Release|Any CPU
		{6266332A-664C-4D41-91B8-5A84D06C7C43}.Release|x64.ActiveCfg = Release|Any CPU
		{6266332A-664C-4D41-91B8-5A84D06C7C43}.Release|x64.Build.0 = Release|Any CPU
		{6266332A-664C-4D41-91B8-5A84D06C7C43}.Release|x86.ActiveCfg = Release|Any CPU
		{6266332A-664C-4D41-91B8-5A84D06C7C43}.Release|x86.Build.0 = Release|Any CPU
		{A787A232-55D9-488B-AE17-823A42BACD86}.Debug|Any CPU.ActiveCfg = Debug|Any CPU
		{A787A232-55D9-488B-AE17-823A42BACD86}.Debug|Any CPU.Build.0 = Debug|Any CPU
		{A787A232-55D9-488B-AE17-823A42BACD86}.Debug|x64.ActiveCfg = Debug|Any CPU
		{A787A232-55D9-488B-AE17-823A42BACD86}.Debug|x64.Build.0 = Debug|Any CPU
		{A787A232-55D9-488B-AE17-823A42BACD86}.Debug|x86.ActiveCfg = Debug|Any CPU
		{A787A232-55D9-488B-AE17-823A42BACD86}.Debug|x86.Build.0 = Debug|Any CPU
		{A787A232-55D9-488B-AE17-823A42BACD86}.Release|Any CPU.ActiveCfg = Release|Any CPU
		{A787A232-55D9-488B-AE17-823A42BACD86}.Release|Any CPU.Build.0 = Release|Any CPU
		{A787A232-55D9-488B-AE17-823A42BACD86}.Release|x64.ActiveCfg = Release|Any CPU
		{A787A232-55D9-488B-AE17-823A42BACD86}.Release|x64.Build.0 = Release|Any CPU
		{A787A232-55D9-488B-AE17-823A42BACD86}.Release|x86.ActiveCfg = Release|Any CPU
		{A787A232-55D9-488B-AE17-823A42BACD86}.Release|x86.Build.0 = Release|Any CPU
	EndGlobalSection
EndGlobal
